
Microsoft Visual Studio Solution File, Format Version 12.00
# Visual Studio Version 17
VisualStudioVersion = 17.0.32014.148
MinimumVisualStudioVersion = 10.0.40219.1
Project("{2150E333-8FDC-42A3-9474-1A3956D46DE8}") = "Chapter02", "Chapter02", "{AD6B22A9-6BD4-4251-AC1B-AE8181AB8527}"
EndProject
Project("{9A19103F-16F7-4668-BE54-9A1E7A4F7556}") = "ConsoleApplication1", "Chapter02\ConsoleApplication1\ConsoleApplication1.csproj", "{78BDA31F-8869-45A0-8493-1DF17C632685}"
EndProject
Project("{9A19103F-16F7-4668-BE54-9A1E7A4F7556}") = "WpfApplication1", "Chapter02\WpfApplication1\WpfApplication1.csproj", "{8FC2F4C3-C731-4EA5-BC13-6765721B98FD}"
EndProject
Project("{2150E333-8FDC-42A3-9474-1A3956D46DE8}") = "Chapter03", "Chapter03", "{19F2874F-2DA8-4D71-A44E-CE9625270270}"
EndProject
Project("{9A19103F-16F7-4668-BE54-9A1E7A4F7556}") = "Ch03Ex01", "Chapter03\Ch03Ex01\Ch03Ex01.csproj", "{B4FC1918-F2BB-4986-8987-17B286F7D5F8}"
EndProject
Project("{9A19103F-16F7-4668-BE54-9A1E7A4F7556}") = "Ch03Ex02", "Chapter03\Ch03Ex02\Ch03Ex02.csproj", "{CBD88675-107D-47DC-B03E-F20C063DD651}"
EndProject
Project("{2150E333-8FDC-42A3-9474-1A3956D46DE8}") = "Chapter04", "Chapter04", "{7F6DF0E2-9DDD-4695-BBDB-E5F66B3B49A7}"
EndProject
Project("{9A19103F-16F7-4668-BE54-9A1E7A4F7556}") = "Ch04Ex01", "Chapter04\Ch04Ex01\Ch04Ex01.csproj", "{56B5F28F-B7C7-487A-B6E6-F105E3C70E1B}"
EndProject
Project("{9A19103F-16F7-4668-BE54-9A1E7A4F7556}") = "Ch04Ex02", "Chapter04\Ch04Ex02\Ch04Ex02.csproj", "{410CAE65-FBCA-4016-AA47-F882189DF11D}"
EndProject
Project("{9A19103F-16F7-4668-BE54-9A1E7A4F7556}") = "Ch04Ex03", "Chapter04\Ch04Ex03\Ch04Ex03.csproj", "{B9A36DB6-7FC6-4D0A-B4C5-A3BBB4E8A9C3}"
EndProject
Project("{9A19103F-16F7-4668-BE54-9A1E7A4F7556}") = "Ch04Ex04", "Chapter04\Ch04Ex04\Ch04Ex04.csproj", "{EBA011E3-40B2-4144-A862-4AA52AD0BFFE}"
EndProject
Project("{9A19103F-16F7-4668-BE54-9A1E7A4F7556}") = "Ch04Ex05", "Chapter04\Ch04Ex05\Ch04Ex05.csproj", "{B32CBD91-A60F-4480-BA2A-63FCAFF9A7E0}"
EndProject
Project("{2150E333-8FDC-42A3-9474-1A3956D46DE8}") = "Chapter05", "Chapter05", "{94DDFDE8-4769-4931-92F1-6BBD5D19BB98}"
EndProject
Project("{9A19103F-16F7-4668-BE54-9A1E7A4F7556}") = "Ch05Ex01", "Chapter05\Ch05Ex01\Ch05Ex01.csproj", "{3F6B411C-4866-481F-8E6C-9B9556C6EF93}"
EndProject
Project("{9A19103F-16F7-4668-BE54-9A1E7A4F7556}") = "Ch05Ex02", "Chapter05\Ch05Ex02\Ch05Ex02.csproj", "{77AAF5A4-FFA9-4E23-8A3A-30F7717CCEE8}"
EndProject
Project("{9A19103F-16F7-4668-BE54-9A1E7A4F7556}") = "Ch05Ex03", "Chapter05\Ch05Ex03\Ch05Ex03.csproj", "{D1A004AD-D555-4D6B-8806-58D4BB18AFE6}"
EndProject
Project("{9A19103F-16F7-4668-BE54-9A1E7A4F7556}") = "Ch05Ex04", "Chapter05\Ch05Ex04\Ch05Ex04.csproj", "{0482F530-D59D-4DDA-A3B7-0D1CC02F2097}"
EndProject
Project("{9A19103F-16F7-4668-BE54-9A1E7A4F7556}") = "Ch05Ex05", "Chapter05\Ch05Ex05\Ch05Ex05.csproj", "{B0054430-75A5-4EB4-918E-2DB140AEC9F1}"
EndProject
Project("{9A19103F-16F7-4668-BE54-9A1E7A4F7556}") = "Ch05Ex06", "Chapter05\Ch05Ex06\Ch05Ex06.csproj", "{5AD173FB-2D53-4BF6-B43D-57CE40EA621C}"
EndProject
Project("{2150E333-8FDC-42A3-9474-1A3956D46DE8}") = "Chapter06", "Chapter06", "{BFC4D8A0-FBF9-4C27-A169-E407C53C8E5F}"
EndProject
Project("{9A19103F-16F7-4668-BE54-9A1E7A4F7556}") = "Ch06Ex01", "Chapter06\Ch06Ex01\Ch06Ex01.csproj", "{98E3A3B2-264B-483A-85C5-CFB1AD18A750}"
EndProject
Project("{9A19103F-16F7-4668-BE54-9A1E7A4F7556}") = "Ch06Ex02", "Chapter06\Ch06Ex02\Ch06Ex02.csproj", "{19AF0CA3-8DDD-4564-813C-C497123F605B}"
EndProject
Project("{9A19103F-16F7-4668-BE54-9A1E7A4F7556}") = "Ch06Ex03", "Chapter06\Ch06Ex03\Ch06Ex03.csproj", "{56E801F4-AEE9-4A97-BFCB-BE7AEFBB9ABC}"
EndProject
Project("{9A19103F-16F7-4668-BE54-9A1E7A4F7556}") = "Ch06Ex04", "Chapter06\Ch06Ex04\Ch06Ex04.csproj", "{DBFE7AAC-1694-4F2E-8E81-BD7635B1C47B}"
EndProject
Project("{9A19103F-16F7-4668-BE54-9A1E7A4F7556}") = "Ch06Ex05", "Chapter06\Ch06Ex05\Ch06Ex05.csproj", "{278D9579-C777-4CB8-8DC0-E53150855E6A}"
EndProject
Project("{2150E333-8FDC-42A3-9474-1A3956D46DE8}") = "Chapter07", "Chapter07", "{8538A3D8-3AD3-4BEB-A7E5-D91D0E9DA4B1}"
EndProject
Project("{9A19103F-16F7-4668-BE54-9A1E7A4F7556}") = "Ch07Ex01", "Chapter07\Ch07Ex01\Ch07Ex01.csproj", "{6D3379D4-4CF9-4AFC-8E61-730767999FBC}"
EndProject
Project("{9A19103F-16F7-4668-BE54-9A1E7A4F7556}") = "Ch07Ex02", "Chapter07\Ch07Ex02\Ch07Ex02.csproj", "{CBA901DC-597B-4709-9E5C-E2B07E745454}"
EndProject
Project("{2150E333-8FDC-42A3-9474-1A3956D46DE8}") = "Chapter08", "Chapter08", "{892FD015-744F-4585-B4D0-A5BEA4B62E3E}"
EndProject
Project("{FAE04EC0-301F-11D3-BF4B-00C04F79EFBC}") = "Ch08Ex01", "Chapter08\Ch08Ex01\Ch08Ex01.csproj", "{60CCA1C8-002D-49D6-B344-3CCCA4091E66}"
EndProject
Global
	GlobalSection(SolutionConfigurationPlatforms) = preSolution
		Debug|Any CPU = Debug|Any CPU
		Release|Any CPU = Release|Any CPU
	EndGlobalSection
	GlobalSection(ProjectConfigurationPlatforms) = postSolution
		{78BDA31F-8869-45A0-8493-1DF17C632685}.Debug|Any CPU.ActiveCfg = Debug|Any CPU
		{78BDA31F-8869-45A0-8493-1DF17C632685}.Debug|Any CPU.Build.0 = Debug|Any CPU
		{78BDA31F-8869-45A0-8493-1DF17C632685}.Release|Any CPU.ActiveCfg = Release|Any CPU
		{78BDA31F-8869-45A0-8493-1DF17C632685}.Release|Any CPU.Build.0 = Release|Any CPU
		{8FC2F4C3-C731-4EA5-BC13-6765721B98FD}.Debug|Any CPU.ActiveCfg = Debug|Any CPU
		{8FC2F4C3-C731-4EA5-BC13-6765721B98FD}.Debug|Any CPU.Build.0 = Debug|Any CPU
		{8FC2F4C3-C731-4EA5-BC13-6765721B98FD}.Release|Any CPU.ActiveCfg = Release|Any CPU
		{8FC2F4C3-C731-4EA5-BC13-6765721B98FD}.Release|Any CPU.Build.0 = Release|Any CPU
		{B4FC1918-F2BB-4986-8987-17B286F7D5F8}.Debug|Any CPU.ActiveCfg = Debug|Any CPU
		{B4FC1918-F2BB-4986-8987-17B286F7D5F8}.Debug|Any CPU.Build.0 = Debug|Any CPU
		{B4FC1918-F2BB-4986-8987-17B286F7D5F8}.Release|Any CPU.ActiveCfg = Release|Any CPU
		{B4FC1918-F2BB-4986-8987-17B286F7D5F8}.Release|Any CPU.Build.0 = Release|Any CPU
		{CBD88675-107D-47DC-B03E-F20C063DD651}.Debug|Any CPU.ActiveCfg = Debug|Any CPU
		{CBD88675-107D-47DC-B03E-F20C063DD651}.Debug|Any CPU.Build.0 = Debug|Any CPU
		{CBD88675-107D-47DC-B03E-F20C063DD651}.Release|Any CPU.ActiveCfg = Release|Any CPU
		{CBD88675-107D-47DC-B03E-F20C063DD651}.Release|Any CPU.Build.0 = Release|Any CPU
		{56B5F28F-B7C7-487A-B6E6-F105E3C70E1B}.Debug|Any CPU.ActiveCfg = Debug|Any CPU
		{56B5F28F-B7C7-487A-B6E6-F105E3C70E1B}.Debug|Any CPU.Build.0 = Debug|Any CPU
		{56B5F28F-B7C7-487A-B6E6-F105E3C70E1B}.Release|Any CPU.ActiveCfg = Release|Any CPU
		{56B5F28F-B7C7-487A-B6E6-F105E3C70E1B}.Release|Any CPU.Build.0 = Release|Any CPU
		{410CAE65-FBCA-4016-AA47-F882189DF11D}.Debug|Any CPU.ActiveCfg = Debug|Any CPU
		{410CAE65-FBCA-4016-AA47-F882189DF11D}.Debug|Any CPU.Build.0 = Debug|Any CPU
		{410CAE65-FBCA-4016-AA47-F882189DF11D}.Release|Any CPU.ActiveCfg = Release|Any CPU
		{410CAE65-FBCA-4016-AA47-F882189DF11D}.Release|Any CPU.Build.0 = Release|Any CPU
		{B9A36DB6-7FC6-4D0A-B4C5-A3BBB4E8A9C3}.Debug|Any CPU.ActiveCfg = Debug|Any CPU
		{B9A36DB6-7FC6-4D0A-B4C5-A3BBB4E8A9C3}.Debug|Any CPU.Build.0 = Debug|Any CPU
		{B9A36DB6-7FC6-4D0A-B4C5-A3BBB4E8A9C3}.Release|Any CPU.ActiveCfg = Release|Any CPU
		{B9A36DB6-7FC6-4D0A-B4C5-A3BBB4E8A9C3}.Release|Any CPU.Build.0 = Release|Any CPU
		{EBA011E3-40B2-4144-A862-4AA52AD0BFFE}.Debug|Any CPU.ActiveCfg = Debug|Any CPU
		{EBA011E3-40B2-4144-A862-4AA52AD0BFFE}.Debug|Any CPU.Build.0 = Debug|Any CPU
		{EBA011E3-40B2-4144-A862-4AA52AD0BFFE}.Release|Any CPU.ActiveCfg = Release|Any CPU
		{EBA011E3-40B2-4144-A862-4AA52AD0BFFE}.Release|Any CPU.Build.0 = Release|Any CPU
		{B32CBD91-A60F-4480-BA2A-63FCAFF9A7E0}.Debug|Any CPU.ActiveCfg = Debug|Any CPU
		{B32CBD91-A60F-4480-BA2A-63FCAFF9A7E0}.Debug|Any CPU.Build.0 = Debug|Any CPU
		{B32CBD91-A60F-4480-BA2A-63FCAFF9A7E0}.Release|Any CPU.ActiveCfg = Release|Any CPU
		{B32CBD91-A60F-4480-BA2A-63FCAFF9A7E0}.Release|Any CPU.Build.0 = Release|Any CPU
		{3F6B411C-4866-481F-8E6C-9B9556C6EF93}.Debug|Any CPU.ActiveCfg = Debug|Any CPU
		{3F6B411C-4866-481F-8E6C-9B9556C6EF93}.Debug|Any CPU.Build.0 = Debug|Any CPU
		{3F6B411C-4866-481F-8E6C-9B9556C6EF93}.Release|Any CPU.ActiveCfg = Release|Any CPU
		{3F6B411C-4866-481F-8E6C-9B9556C6EF93}.Release|Any CPU.Build.0 = Release|Any CPU
		{77AAF5A4-FFA9-4E23-8A3A-30F7717CCEE8}.Debug|Any CPU.ActiveCfg = Debug|Any CPU
		{77AAF5A4-FFA9-4E23-8A3A-30F7717CCEE8}.Debug|Any CPU.Build.0 = Debug|Any CPU
		{77AAF5A4-FFA9-4E23-8A3A-30F7717CCEE8}.Release|Any CPU.ActiveCfg = Release|Any CPU
		{77AAF5A4-FFA9-4E23-8A3A-30F7717CCEE8}.Release|Any CPU.Build.0 = Release|Any CPU
		{D1A004AD-D555-4D6B-8806-58D4BB18AFE6}.Debug|Any CPU.ActiveCfg = Debug|Any CPU
		{D1A004AD-D555-4D6B-8806-58D4BB18AFE6}.Debug|Any CPU.Build.0 = Debug|Any CPU
		{D1A004AD-D555-4D6B-8806-58D4BB18AFE6}.Release|Any CPU.ActiveCfg = Release|Any CPU
		{D1A004AD-D555-4D6B-8806-58D4BB18AFE6}.Release|Any CPU.Build.0 = Release|Any CPU
		{0482F530-D59D-4DDA-A3B7-0D1CC02F2097}.Debug|Any CPU.ActiveCfg = Debug|Any CPU
		{0482F530-D59D-4DDA-A3B7-0D1CC02F2097}.Debug|Any CPU.Build.0 = Debug|Any CPU
		{0482F530-D59D-4DDA-A3B7-0D1CC02F2097}.Release|Any CPU.ActiveCfg = Release|Any CPU
		{0482F530-D59D-4DDA-A3B7-0D1CC02F2097}.Release|Any CPU.Build.0 = Release|Any CPU
		{B0054430-75A5-4EB4-918E-2DB140AEC9F1}.Debug|Any CPU.ActiveCfg = Debug|Any CPU
		{B0054430-75A5-4EB4-918E-2DB140AEC9F1}.Debug|Any CPU.Build.0 = Debug|Any CPU
		{B0054430-75A5-4EB4-918E-2DB140AEC9F1}.Release|Any CPU.ActiveCfg = Release|Any CPU
		{B0054430-75A5-4EB4-918E-2DB140AEC9F1}.Release|Any CPU.Build.0 = Release|Any CPU
		{5AD173FB-2D53-4BF6-B43D-57CE40EA621C}.Debug|Any CPU.ActiveCfg = Debug|Any CPU
		{5AD173FB-2D53-4BF6-B43D-57CE40EA621C}.Debug|Any CPU.Build.0 = Debug|Any CPU
		{5AD173FB-2D53-4BF6-B43D-57CE40EA621C}.Release|Any CPU.ActiveCfg = Release|Any CPU
		{5AD173FB-2D53-4BF6-B43D-57CE40EA621C}.Release|Any CPU.Build.0 = Release|Any CPU
		{98E3A3B2-264B-483A-85C5-CFB1AD18A750}.Debug|Any CPU.ActiveCfg = Debug|Any CPU
		{98E3A3B2-264B-483A-85C5-CFB1AD18A750}.Debug|Any CPU.Build.0 = Debug|Any CPU
		{98E3A3B2-264B-483A-85C5-CFB1AD18A750}.Release|Any CPU.ActiveCfg = Release|Any CPU
		{98E3A3B2-264B-483A-85C5-CFB1AD18A750}.Release|Any CPU.Build.0 = Release|Any CPU
		{19AF0CA3-8DDD-4564-813C-C497123F605B}.Debug|Any CPU.ActiveCfg = Debug|Any CPU
		{19AF0CA3-8DDD-4564-813C-C497123F605B}.Debug|Any CPU.Build.0 = Debug|Any CPU
		{19AF0CA3-8DDD-4564-813C-C497123F605B}.Release|Any CPU.ActiveCfg = Release|Any CPU
		{19AF0CA3-8DDD-4564-813C-C497123F605B}.Release|Any CPU.Build.0 = Release|Any CPU
		{56E801F4-AEE9-4A97-BFCB-BE7AEFBB9ABC}.Debug|Any CPU.ActiveCfg = Debug|Any CPU
		{56E801F4-AEE9-4A97-BFCB-BE7AEFBB9ABC}.Debug|Any CPU.Build.0 = Debug|Any CPU
		{56E801F4-AEE9-4A97-BFCB-BE7AEFBB9ABC}.Release|Any CPU.ActiveCfg = Release|Any CPU
		{56E801F4-AEE9-4A97-BFCB-BE7AEFBB9ABC}.Release|Any CPU.Build.0 = Release|Any CPU
		{DBFE7AAC-1694-4F2E-8E81-BD7635B1C47B}.Debug|Any CPU.ActiveCfg = Debug|Any CPU
		{DBFE7AAC-1694-4F2E-8E81-BD7635B1C47B}.Debug|Any CPU.Build.0 = Debug|Any CPU
		{DBFE7AAC-1694-4F2E-8E81-BD7635B1C47B}.Release|Any CPU.ActiveCfg = Release|Any CPU
		{DBFE7AAC-1694-4F2E-8E81-BD7635B1C47B}.Release|Any CPU.Build.0 = Release|Any CPU
		{278D9579-C777-4CB8-8DC0-E53150855E6A}.Debug|Any CPU.ActiveCfg = Debug|Any CPU
		{278D9579-C777-4CB8-8DC0-E53150855E6A}.Debug|Any CPU.Build.0 = Debug|Any CPU
		{278D9579-C777-4CB8-8DC0-E53150855E6A}.Release|Any CPU.ActiveCfg = Release|Any CPU
		{278D9579-C777-4CB8-8DC0-E53150855E6A}.Release|Any CPU.Build.0 = Release|Any CPU
		{6D3379D4-4CF9-4AFC-8E61-730767999FBC}.Debug|Any CPU.ActiveCfg = Debug|Any CPU
		{6D3379D4-4CF9-4AFC-8E61-730767999FBC}.Debug|Any CPU.Build.0 = Debug|Any CPU
		{6D3379D4-4CF9-4AFC-8E61-730767999FBC}.Release|Any CPU.ActiveCfg = Release|Any CPU
		{6D3379D4-4CF9-4AFC-8E61-730767999FBC}.Release|Any CPU.Build.0 = Release|Any CPU
		{CBA901DC-597B-4709-9E5C-E2B07E745454}.Debug|Any CPU.ActiveCfg = Debug|Any CPU
		{CBA901DC-597B-4709-9E5C-E2B07E745454}.Debug|Any CPU.Build.0 = Debug|Any CPU
		{CBA901DC-597B-4709-9E5C-E2B07E745454}.Release|Any CPU.ActiveCfg = Release|Any CPU
		{CBA901DC-597B-4709-9E5C-E2B07E745454}.Release|Any CPU.Build.0 = Release|Any CPU
		{60CCA1C8-002D-49D6-B344-3CCCA4091E66}.Debug|Any CPU.ActiveCfg = Debug|Any CPU
		{60CCA1C8-002D-49D6-B344-3CCCA4091E66}.Debug|Any CPU.Build.0 = Debug|Any CPU
		{60CCA1C8-002D-49D6-B344-3CCCA4091E66}.Release|Any CPU.ActiveCfg = Release|Any CPU
		{60CCA1C8-002D-49D6-B344-3CCCA4091E66}.Release|Any CPU.Build.0 = Release|Any CPU
	EndGlobalSection
	GlobalSection(SolutionProperties) = preSolution
		HideSolutionNode = FALSE
	EndGlobalSection
	GlobalSection(NestedProjects) = preSolution
		{78BDA31F-8869-45A0-8493-1DF17C632685} = {AD6B22A9-6BD4-4251-AC1B-AE8181AB8527}
		{8FC2F4C3-C731-4EA5-BC13-6765721B98FD} = {AD6B22A9-6BD4-4251-AC1B-AE8181AB8527}
		{B4FC1918-F2BB-4986-8987-17B286F7D5F8} = {19F2874F-2DA8-4D71-A44E-CE9625270270}
		{CBD88675-107D-47DC-B03E-F20C063DD651} = {19F2874F-2DA8-4D71-A44E-CE9625270270}
		{56B5F28F-B7C7-487A-B6E6-F105E3C70E1B} = {7F6DF0E2-9DDD-4695-BBDB-E5F66B3B49A7}
		{410CAE65-FBCA-4016-AA47-F882189DF11D} = {7F6DF0E2-9DDD-4695-BBDB-E5F66B3B49A7}
		{B9A36DB6-7FC6-4D0A-B4C5-A3BBB4E8A9C3} = {7F6DF0E2-9DDD-4695-BBDB-E5F66B3B49A7}
		{EBA011E3-40B2-4144-A862-4AA52AD0BFFE} = {7F6DF0E2-9DDD-4695-BBDB-E5F66B3B49A7}
		{B32CBD91-A60F-4480-BA2A-63FCAFF9A7E0} = {7F6DF0E2-9DDD-4695-BBDB-E5F66B3B49A7}
		{3F6B411C-4866-481F-8E6C-9B9556C6EF93} = {94DDFDE8-4769-4931-92F1-6BBD5D19BB98}
		{77AAF5A4-FFA9-4E23-8A3A-30F7717CCEE8} = {94DDFDE8-4769-4931-92F1-6BBD5D19BB98}
		{D1A004AD-D555-4D6B-8806-58D4BB18AFE6} = {94DDFDE8-4769-4931-92F1-6BBD5D19BB98}
		{0482F530-D59D-4DDA-A3B7-0D1CC02F2097} = {94DDFDE8-4769-4931-92F1-6BBD5D19BB98}
		{B0054430-75A5-4EB4-918E-2DB140AEC9F1} = {94DDFDE8-4769-4931-92F1-6BBD5D19BB98}
		{5AD173FB-2D53-4BF6-B43D-57CE40EA621C} = {94DDFDE8-4769-4931-92F1-6BBD5D19BB98}
		{98E3A3B2-264B-483A-85C5-CFB1AD18A750} = {BFC4D8A0-FBF9-4C27-A169-E407C53C8E5F}
		{19AF0CA3-8DDD-4564-813C-C497123F605B} = {BFC4D8A0-FBF9-4C27-A169-E407C53C8E5F}
		{56E801F4-AEE9-4A97-BFCB-BE7AEFBB9ABC} = {BFC4D8A0-FBF9-4C27-A169-E407C53C8E5F}
		{DBFE7AAC-1694-4F2E-8E81-BD7635B1C47B} = {BFC4D8A0-FBF9-4C27-A169-E407C53C8E5F}
		{278D9579-C777-4CB8-8DC0-E53150855E6A} = {BFC4D8A0-FBF9-4C27-A169-E407C53C8E5F}
		{6D3379D4-4CF9-4AFC-8E61-730767999FBC} = {8538A3D8-3AD3-4BEB-A7E5-D91D0E9DA4B1}
		{CBA901DC-597B-4709-9E5C-E2B07E745454} = {8538A3D8-3AD3-4BEB-A7E5-D91D0E9DA4B1}
		{60CCA1C8-002D-49D6-B344-3CCCA4091E66} = {892FD015-744F-4585-B4D0-A5BEA4B62E3E}
	EndGlobalSection
	GlobalSection(ExtensibilityGlobals) = postSolution
		SolutionGuid = {6F3B1528-6816-47D9-BE77-362F46FD90D9}
	EndGlobalSection
EndGlobal
